{
	"name": "creation",
	"version": "1.0.0",
	"lockfileVersion": 1,
	"requires": true,
	"dependencies": {
		"@ant-design/colors": {
			"version": "4.0.5",
			"resolved": "https://registry.npmjs.org/@ant-design/colors/-/colors-4.0.5.tgz",
			"integrity": "sha512-3mnuX2prnWOWvpFTS2WH2LoouWlOgtnIpc6IarWN6GOzzLF8dW/U8UctuvIPhoboETehZfJ61XP+CGakBEPJ3Q==",
			"requires": {
				"tinycolor2": "^1.4.1"
			}
		},
		"@antv/algorithm": {
			"version": "0.1.21",
			"resolved": "https://registry.npmjs.org/@antv/algorithm/-/algorithm-0.1.21.tgz",
			"integrity": "sha512-R2BsqMoG2uwrV9778WKhGhVNv05sXRcV316R5capDTOutO9nFyQrsz52/ufvIYqaNY+k0Rv2XjOHWytJRW72Eg==",
			"requires": {
				"@antv/util": "^2.0.13",
				"tslib": "^2.0.0"
			}
		},
		"@antv/dom-util": {
			"version": "2.0.3",
			"resolved": "https://registry.npmjs.org/@antv/dom-util/-/dom-util-2.0.3.tgz",
			"integrity": "sha512-dUHsUT4U9X1T1/Y9bH3jRMe0MzvWJk2jSQm1vm3w9NX+Ra0ftq5VUBiGTNbthm3nFwG0fFFjip904rYjl50g4A==",
			"requires": {
				"tslib": "^2.0.3"
			}
		},
		"@antv/event-emitter": {
			"version": "0.1.2",
			"resolved": "https://registry.npmjs.org/@antv/event-emitter/-/event-emitter-0.1.2.tgz",
			"integrity": "sha512-6C6NJOdoNVptCr5y9BVOhKkCgW7LFs/SpcRyAExUeSjAm0zJqcqNkSIRGsXYhj4PJI+CZICHzGwwiSnIsE68Ug=="
		},
		"@antv/g-base": {
			"version": "0.5.9",
			"resolved": "https://registry.npmjs.org/@antv/g-base/-/g-base-0.5.9.tgz",
			"integrity": "sha512-IAzuCLRmz9cKCWUKR3cKWgLZ/6OQYpTCIOgxAP8Bc+HRw0mu8iC3OTz+tWKGv9L8unpvCvpQd1H+OTTjdg/TpQ==",
			"requires": {
				"@antv/event-emitter": "^0.1.1",
				"@antv/g-math": "^0.1.6",
				"@antv/matrix-util": "^3.1.0-beta.1",
				"@antv/path-util": "~2.0.5",
				"@antv/util": "~2.0.0",
				"@types/d3-timer": "^2.0.0",
				"d3-ease": "^1.0.5",
				"d3-interpolate": "^1.3.2",
				"d3-timer": "^1.0.9",
				"detect-browser": "^5.1.0",
				"tslib": "^2.0.3"
			}
		},
		"@antv/g-canvas": {
			"version": "0.5.12",
			"resolved": "https://registry.npmjs.org/@antv/g-canvas/-/g-canvas-0.5.12.tgz",
			"integrity": "sha512-iJ/muwwqCCNONVlPIzv/7OL5iLguaKRj2BxNMytUO3TWwamM+kHkiyYEOkS0dPn9h/hBsHYlLUluSVz2Fp6/bw==",
			"requires": {
				"@antv/g-base": "^0.5.3",
				"@antv/g-math": "^0.1.6",
				"@antv/matrix-util": "^3.1.0-beta.1",
				"@antv/path-util": "~2.0.5",
				"@antv/util": "~2.0.0",
				"gl-matrix": "^3.0.0",
				"tslib": "^2.0.3"
			}
		},
		"@antv/g-math": {
			"version": "0.1.7",
			"resolved": "https://registry.npmjs.org/@antv/g-math/-/g-math-0.1.7.tgz",
			"integrity": "sha512-xGyXaloD1ynfp7gS4VuV+MjSptZIwHvLHr8ekXJSFAeWPYLu84yOW2wOZHDdp1bzDAIuRv6xDBW58YGHrWsFcA==",
			"requires": {
				"@antv/util": "~2.0.0",
				"gl-matrix": "^3.0.0"
			}
		},
		"@antv/g-svg": {
			"version": "0.5.6",
			"resolved": "https://registry.npmjs.org/@antv/g-svg/-/g-svg-0.5.6.tgz",
			"integrity": "sha512-Xve1EUGk4HMbl2nq4ozR4QLh6GyoZ8Xw/+9kHYI4B5P2lIUQU95MuRsaLFfW5NNpZDx85ZeH97tqEmC9L96E7A==",
			"requires": {
				"@antv/g-base": "^0.5.3",
				"@antv/g-math": "^0.1.6",
				"@antv/util": "~2.0.0",
				"detect-browser": "^5.0.0",
				"tslib": "^2.0.3"
			}
		},
		"@antv/g-webgpu": {
			"version": "0.5.5",
			"resolved": "https://registry.npmjs.org/@antv/g-webgpu/-/g-webgpu-0.5.5.tgz",
			"integrity": "sha512-TxtBniINFq1jFGEPo46xjJfrbJbUqkFd5wmsRs3tcg/7J7xoldOP1kEadpI3AJG9knMYdE92VpILw1VPd6DgzQ==",
			"requires": {
				"@antv/g-webgpu-core": "^0.5.5",
				"@antv/g-webgpu-engine": "^0.5.5",
				"@webgpu/types": "^0.0.31",
				"gl-matrix": "^3.1.0",
				"gl-vec2": "^1.3.0",
				"hammerjs": "^2.0.8",
				"inversify": "^5.0.1",
				"inversify-inject-decorators": "^3.1.0",
				"polyline-miter-util": "^1.0.1",
				"polyline-normals": "^2.0.2",
				"probe.gl": "^3.1.1",
				"reflect-metadata": "^0.1.13"
			}
		},
		"@antv/g-webgpu-core": {
			"version": "0.5.6",
			"resolved": "https://registry.npmjs.org/@antv/g-webgpu-core/-/g-webgpu-core-0.5.6.tgz",
			"integrity": "sha512-DPiH3GkAUiT0Q+LAKeImpI+IOQ/gP2w6HstYKivpFIpBPIvZ/9equM3icVrn1iDfDkZANVXQ1PppcO3xBv1ZTw==",
			"requires": {
				"eventemitter3": "^4.0.0",
				"gl-matrix": "^3.1.0",
				"inversify": "^5.0.1",
				"inversify-inject-decorators": "^3.1.0",
				"probe.gl": "^3.1.1",
				"reflect-metadata": "^0.1.13"
			}
		},
		"@antv/g-webgpu-engine": {
			"version": "0.5.6",
			"resolved": "https://registry.npmjs.org/@antv/g-webgpu-engine/-/g-webgpu-engine-0.5.6.tgz",
			"integrity": "sha512-D311qYUefdEFwLayutIHqucrAY3cAGH3BdnXS37nq+0nsglrHcNP0Ab1YTinn9RihLoY3yXFTLzrYkJHJbZXDg==",
			"requires": {
				"@antv/g-webgpu-core": "^0.5.6",
				"@webgpu/glslang": "^0.0.15",
				"@webgpu/types": "^0.0.31",
				"gl-matrix": "^3.1.0",
				"hammerjs": "^2.0.8",
				"inversify": "^5.0.1",
				"inversify-inject-decorators": "^3.1.0",
				"probe.gl": "^3.1.1",
				"reflect-metadata": "^0.1.13",
				"regl": "^1.3.11"
			}
		},
		"@antv/g6": {
			"version": "4.5.2",
			"resolved": "https://registry.npmjs.org/@antv/g6/-/g6-4.5.2.tgz",
			"integrity": "sha512-ExBQELwDPcixjeza3cOhUCW8ajLvWFJy4mW+J+WiSpvLF44WE1zNAJOWyNXbqPk241WsThyBV3wffvI4HX6zrw==",
			"requires": {
				"@antv/g6-pc": "0.5.2"
			}
		},
		"@antv/g6-core": {
			"version": "0.5.2",
			"resolved": "https://registry.npmjs.org/@antv/g6-core/-/g6-core-0.5.2.tgz",
			"integrity": "sha512-4aYJXLDV75ezkmlITQh4y60Gasua8VpUQdh1BSHeiKTrYS3H9oY48DKXby+sTNyIzSX+8BA/mGhpNvGgIO46+g==",
			"requires": {
				"@antv/algorithm": "^0.1.8",
				"@antv/dom-util": "^2.0.1",
				"@antv/event-emitter": "~0.1.0",
				"@antv/g-base": "^0.5.1",
				"@antv/g-math": "^0.1.1",
				"@antv/matrix-util": "^3.1.0-beta.3",
				"@antv/path-util": "^2.0.3",
				"@antv/util": "~2.0.5",
				"ml-matrix": "^6.5.0",
				"tslib": "^2.1.0"
			}
		},
		"@antv/g6-element": {
			"version": "0.5.2",
			"resolved": "https://registry.npmjs.org/@antv/g6-element/-/g6-element-0.5.2.tgz",
			"integrity": "sha512-OYYXl6+sWjxhrxLbLsIwpFX/a+TdCsOMQwApNQ8BDkpF3wlbW33F5cRh8UItrkXN7sxM9Q+5q6epRKWd9fljFw==",
			"requires": {
				"@antv/g-base": "^0.5.1",
				"@antv/g6-core": "0.5.2",
				"@antv/util": "~2.0.5"
			}
		},
		"@antv/g6-pc": {
			"version": "0.5.2",
			"resolved": "https://registry.npmjs.org/@antv/g6-pc/-/g6-pc-0.5.2.tgz",
			"integrity": "sha512-Xu45dCbqPqBozkTKEvKGLt41Lyt24bBXyA62Gt4rzhpsGrqPs7s2aBiW9iIaSXC0Jvx8Qe+7ISPtUMbMuxt0oA==",
			"requires": {
				"@ant-design/colors": "^4.0.5",
				"@antv/algorithm": "^0.1.8",
				"@antv/dom-util": "^2.0.1",
				"@antv/event-emitter": "~0.1.0",
				"@antv/g-base": "^0.5.1",
				"@antv/g-canvas": "^0.5.2",
				"@antv/g-math": "^0.1.1",
				"@antv/g-svg": "^0.5.1",
				"@antv/g6-core": "0.5.2",
				"@antv/g6-element": "0.5.2",
				"@antv/g6-plugin": "0.5.2",
				"@antv/hierarchy": "^0.6.7",
				"@antv/layout": "^0.1.22",
				"@antv/matrix-util": "^3.1.0-beta.3",
				"@antv/path-util": "^2.0.3",
				"@antv/util": "~2.0.5",
				"color": "^3.1.3",
				"d3-force": "^2.0.1",
				"dagre": "^0.8.5",
				"insert-css": "^2.0.0",
				"ml-matrix": "^6.5.0"
			}
		},
		"@antv/g6-plugin": {
			"version": "0.5.2",
			"resolved": "https://registry.npmjs.org/@antv/g6-plugin/-/g6-plugin-0.5.2.tgz",
			"integrity": "sha512-Pp6gDMNgK2RsWgmwCfzlAw8J5uneXg+Z40cMcKmEqTvwQ1iAdC+lgqW7C8lmd0Jzl8JbuT34UEc4EoVXtjK2gg==",
			"requires": {
				"@antv/dom-util": "^2.0.2",
				"@antv/g-base": "^0.5.1",
				"@antv/g-canvas": "^0.5.2",
				"@antv/g-svg": "^0.5.2",
				"@antv/g6-core": "0.5.2",
				"@antv/matrix-util": "^3.1.0-beta.3",
				"@antv/scale": "^0.3.4",
				"@antv/util": "^2.0.9",
				"insert-css": "^2.0.0"
			}
		},
		"@antv/hierarchy": {
			"version": "0.6.8",
			"resolved": "https://registry.npmjs.org/@antv/hierarchy/-/hierarchy-0.6.8.tgz",
			"integrity": "sha512-wVzUl+pxny5gyGJ2mkWx8IiEypX6bnMHgr/NILgbxY6shoy0Vf4FhZpI3CY8Ez7bQT6js8fMkB2NymPW7d7i8A==",
			"requires": {
				"@antv/util": "^2.0.7"
			}
		},
		"@antv/layout": {
			"version": "0.1.31",
			"resolved": "https://registry.npmjs.org/@antv/layout/-/layout-0.1.31.tgz",
			"integrity": "sha512-iz9i19dOJGiZr5xBWI5sfG+2K3QVMNAGOBrbjWKH2RGLvGpf2TSFySidhz0siDrcQA46cDsjLmGstezQdgeGzA==",
			"requires": {
				"@antv/g-webgpu": "0.5.5",
				"@dagrejs/graphlib": "2.1.4",
				"d3-force": "^2.0.1",
				"ml-matrix": "^6.5.0"
			}
		},
		"@antv/matrix-util": {
			"version": "3.1.0-beta.3",
			"resolved": "https://registry.npmjs.org/@antv/matrix-util/-/matrix-util-3.1.0-beta.3.tgz",
			"integrity": "sha512-W2R6Za3A6CmG51Y/4jZUM/tFgYSq7vTqJL1VD9dKrvwxS4sE0ZcXINtkp55CdyBwJ6Cwm8pfoRpnD4FnHahN0A==",
			"requires": {
				"@antv/util": "^2.0.9",
				"gl-matrix": "^3.4.3",
				"tslib": "^2.0.3"
			}
		},
		"@antv/path-util": {
			"version": "2.0.15",
			"resolved": "https://registry.npmjs.org/@antv/path-util/-/path-util-2.0.15.tgz",
			"integrity": "sha512-R2VLZ5C8PLPtr3VciNyxtjKqJ0XlANzpFb5sE9GE61UQqSRuSVSzIakMxjEPrpqbgc+s+y8i+fmc89Snu7qbNw==",
			"requires": {
				"@antv/matrix-util": "^3.0.4",
				"@antv/util": "^2.0.9",
				"tslib": "^2.0.3"
			},
			"dependencies": {
				"@antv/matrix-util": {
					"version": "3.0.4",
					"resolved": "https://registry.npmjs.org/@antv/matrix-util/-/matrix-util-3.0.4.tgz",
					"integrity": "sha512-BAPyu6dUliHcQ7fm9hZSGKqkwcjEDVLVAstlHULLvcMZvANHeLXgHEgV7JqcAV/GIhIz8aZChIlzM1ZboiXpYQ==",
					"requires": {
						"@antv/util": "^2.0.9",
						"gl-matrix": "^3.3.0",
						"tslib": "^2.0.3"
					}
				}
			}
		},
		"@antv/scale": {
			"version": "0.3.14",
			"resolved": "https://registry.npmjs.org/@antv/scale/-/scale-0.3.14.tgz",
			"integrity": "sha512-G19Mh9VYPX/Z5PXKJrORIYCjrA+Fmko6ZB4HN6Y8K0T9FeKaSJq+idIe7AUJhIIXDCrFk4LzW+t908NsORqxPg==",
			"requires": {
				"@antv/util": "~2.0.3",
				"fecha": "~4.2.0",
				"tslib": "^2.0.0"
			}
		},
		"@antv/util": {
			"version": "2.0.17",
			"resolved": "https://registry.npmjs.org/@antv/util/-/util-2.0.17.tgz",
			"integrity": "sha512-o6I9hi5CIUvLGDhth0RxNSFDRwXeywmt6ExR4+RmVAzIi48ps6HUy+svxOCayvrPBN37uE6TAc2KDofRo0nK9Q==",
			"requires": {
				"csstype": "^3.0.8",
				"tslib": "^2.0.3"
			}
		},
		"@babel/runtime": {
			"version": "7.16.7",
			"resolved": "https://registry.npmjs.org/@babel/runtime/-/runtime-7.16.7.tgz",
			"integrity": "sha512-9E9FJowqAsytyOY6LG+1KuueckRL+aQW+mKvXRXnuFGyRAyepJPmEo9vgMfXUA6O9u3IeEdv9MAkppFcaQwogQ==",
			"requires": {
				"regenerator-runtime": "^0.13.4"
			}
		},
		"@dagrejs/graphlib": {
			"version": "2.1.4",
			"resolved": "https://registry.npmjs.org/@dagrejs/graphlib/-/graphlib-2.1.4.tgz",
			"integrity": "sha512-QCg9sL4uhjn468FDEsb/S9hS2xUZSrv/+dApb1Ze5VKO96pTXKNJZ6MGhIpgWkc1TVhbVGH9/7rq/Mf8/jWicw==",
			"requires": {
				"lodash": "^4.11.1"
			}
		},
		"@probe.gl/env": {
			"version": "3.5.0",
			"resolved": "https://registry.npmjs.org/@probe.gl/env/-/env-3.5.0.tgz",
			"integrity": "sha512-YdlpZZshhyYxvWDBmZ5RIW2pTR14Pw4p9czMlt/v7F6HbFzWfAdmH7q6xVwFRYxUpQLwhWensWyv4aFysiWl4g==",
			"requires": {
				"@babel/runtime": "^7.0.0"
			}
		},
		"@probe.gl/log": {
			"version": "3.5.0",
			"resolved": "https://registry.npmjs.org/@probe.gl/log/-/log-3.5.0.tgz",
			"integrity": "sha512-nW/qz2X1xY08WU/TsmJP6/6IPNcaY5fS/vLjpC4ahJuE2Mezga4hGM/R2X5JWE/nkPc+BsC5GnAnD13rwAxS7g==",
			"requires": {
				"@babel/runtime": "^7.0.0",
				"@probe.gl/env": "3.5.0"
			}
		},
		"@probe.gl/stats": {
			"version": "3.5.0",
			"resolved": "https://registry.npmjs.org/@probe.gl/stats/-/stats-3.5.0.tgz",
			"integrity": "sha512-IH2M+F3c8HR1DTroBARePUFG7wIewumtKA0UFqx51Z7S4hKrD60wFbpMmg0AcF4FvHAXMBoC+kYi1UKW9XbAOw==",
			"requires": {
				"@babel/runtime": "^7.0.0"
			}
		},
		"@react-dnd/asap": {
			"version": "4.0.0",
			"resolved": "https://registry.npmjs.org/@react-dnd/asap/-/asap-4.0.0.tgz",
			"integrity": "sha512-0XhqJSc6pPoNnf8DhdsPHtUhRzZALVzYMTzRwV4VI6DJNJ/5xxfL9OQUwb8IH5/2x7lSf7nAZrnzUD+16VyOVQ=="
		},
		"@react-dnd/invariant": {
			"version": "3.0.0",
			"resolved": "https://registry.npmjs.org/@react-dnd/invariant/-/invariant-3.0.0.tgz",
			"integrity": "sha512-keberJRIqPX15IK3SWS/iO1t/kGETiL1oczKrDitAaMnQ+kpHf81l3MrRmFjvfqcnApE+izEvwM6GsyoIcpsVA=="
		},
		"@react-dnd/shallowequal": {
			"version": "3.0.0",
			"resolved": "https://registry.npmjs.org/@react-dnd/shallowequal/-/shallowequal-3.0.0.tgz",
			"integrity": "sha512-1ELWQdJB2UrCXTKK5cCD9uGLLIwECLIEdttKA255owdpchtXohIjZBTlFJszwYi2ZKe2Do+QvUzsGyGCMNwbdw=="
		},
		"@react-spring/animated": {
			"version": "9.4.0",
			"resolved": "https://registry.npmjs.org/@react-spring/animated/-/animated-9.4.0.tgz",
			"integrity": "sha512-hOj90pXC1ovukgA63l6zQRr7jq6Lay/kUgwlMZWOwgaZoPb1J02BjLtS0rbFvx+BUMd3mrL0QVdno+B6eYsLQQ==",
			"requires": {
				"@react-spring/shared": "~9.4.0",
				"@react-spring/types": "~9.4.0"
			}
		},
		"@react-spring/core": {
			"version": "9.4.0",
			"resolved": "https://registry.npmjs.org/@react-spring/core/-/core-9.4.0.tgz",
			"integrity": "sha512-zJC6JgLTv42tdNLZiN8eRgKnVaQxRvGHt329GxZFB9/bhH9FqjOMQ2GsEu8uImw3eicaXlWy10Ssp4SQftZSPg==",
			"requires": {
				"@react-spring/animated": "~9.4.0",
				"@react-spring/rafz": "~9.4.0",
				"@react-spring/shared": "~9.4.0",
				"@react-spring/types": "~9.4.0"
			}
		},
		"@react-spring/konva": {
			"version": "9.4.0",
			"resolved": "https://registry.npmjs.org/@react-spring/konva/-/konva-9.4.0.tgz",
			"integrity": "sha512-Ry5JhwYri3rjlTB3VLIxl0bMcQgPlHEWFbkD1QjDVhgeT01Q6fPprxRuI63MMEHiKs/syN6xypAbM65yP3ZdJw==",
			"requires": {
				"@react-spring/animated": "~9.4.0",
				"@react-spring/core": "~9.4.0",
				"@react-spring/shared": "~9.4.0",
				"@react-spring/types": "~9.4.0"
			}
		},
		"@react-spring/native": {
			"version": "9.4.0",
			"resolved": "https://registry.npmjs.org/@react-spring/native/-/native-9.4.0.tgz",
			"integrity": "sha512-nj1V7isaWRvmJQYcRTyh0ATw/O9nlzETw0yfK9G1ZzWi/50NpuratQQhPYLfHatiaNwPeQoKg1PB3WxkakK1RA==",
			"requires": {
				"@react-spring/animated": "~9.4.0",
				"@react-spring/core": "~9.4.0",
				"@react-spring/shared": "~9.4.0",
				"@react-spring/types": "~9.4.0"
			}
		},
		"@react-spring/rafz": {
			"version": "9.4.0",
			"resolved": "https://registry.npmjs.org/@react-spring/rafz/-/rafz-9.4.0.tgz",
			"integrity": "sha512-CqBLODaAZ9HrTNZyOtrr4XQ7CdUNd4OU3Hh7T6JSdB88MyJScsJBKCT9QaJop6wuhvQPiQEviMnD8TfKEkVfuw=="
		},
		"@react-spring/shared": {
			"version": "9.4.0",
			"resolved": "https://registry.npmjs.org/@react-spring/shared/-/shared-9.4.0.tgz",
			"integrity": "sha512-VgQd8NxfbLTeWqzKpGMXXVf1IrmBKO8/fsHFiW+OxZdmFpz77G1aJZ+AnMgCcwrV9KtLdeG0G8YXOQrhsLA7dA==",
			"requires": {
				"@react-spring/rafz": "~9.4.0",
				"@react-spring/types": "~9.4.0"
			}
		},
		"@react-spring/three": {
			"version": "9.4.0",
			"resolved": "https://registry.npmjs.org/@react-spring/three/-/three-9.4.0.tgz",
			"integrity": "sha512-DPh1ZhUPqwSF4mkQmIUbemXdkAMInwb3l9yCpmoZTmnjt34ndPNGbUyyB7Mim7J5eR5/HH8b1PdWFHNEi1olRw==",
			"requires": {
				"@react-spring/animated": "~9.4.0",
				"@react-spring/core": "~9.4.0",
				"@react-spring/shared": "~9.4.0",
				"@react-spring/types": "~9.4.0"
			}
		},
		"@react-spring/types": {
			"version": "9.4.0",
			"resolved": "https://registry.npmjs.org/@react-spring/types/-/types-9.4.0.tgz",
			"integrity": "sha512-K49Fb/rPX6cSb15ZcW6d45NBYqAJbGh4MKpsBmvZWahJTXKtFDfQq10Bq0+wlLYQr8r1bgsE8v4blfCIdm6UoA=="
		},
		"@react-spring/web": {
			"version": "9.4.0",
			"resolved": "https://registry.npmjs.org/@react-spring/web/-/web-9.4.0.tgz",
			"integrity": "sha512-czg38A12w5glP33cfbjiwRnpCw3TNBuJ8eVxP6H2frMnADESsxmSpe0vNlvxrCEOhZxbhUu3ILJ2v02H9LV7bw==",
			"requires": {
				"@react-spring/animated": "~9.4.0",
				"@react-spring/core": "~9.4.0",
				"@react-spring/shared": "~9.4.0",
				"@react-spring/types": "~9.4.0"
			}
		},
		"@react-spring/zdog": {
			"version": "9.4.0",
			"resolved": "https://registry.npmjs.org/@react-spring/zdog/-/zdog-9.4.0.tgz",
			"integrity": "sha512-BLEnfnLOtStEHKpW5covI9XHtNFKptbT0bH8RCkSAaoOwnMgZVpGwhZGH2iIweQVID6S4edW3tER/5QYMkLgOg==",
			"requires": {
				"@react-spring/animated": "~9.4.0",
				"@react-spring/core": "~9.4.0",
				"@react-spring/shared": "~9.4.0",
				"@react-spring/types": "~9.4.0"
			}
		},
		"@types/d3-timer": {
			"version": "2.0.1",
			"resolved": "https://registry.npmjs.org/@types/d3-timer/-/d3-timer-2.0.1.tgz",
			"integrity": "sha512-TF8aoF5cHcLO7W7403blM7L1T+6NF3XMyN3fxyUolq2uOcFeicG/khQg/dGxiCJWoAcmYulYN7LYSRKO54IXaA=="
		},
		"@webgpu/glslang": {
			"version": "0.0.15",
			"resolved": "https://registry.npmjs.org/@webgpu/glslang/-/glslang-0.0.15.tgz",
			"integrity": "sha512-niT+Prh3Aff8Uf1MVBVUsaNjFj9rJAKDXuoHIKiQbB+6IUP/3J3JIhBNyZ7lDhytvXxw6ppgnwKZdDJ08UMj4Q=="
		},
		"@webgpu/types": {
			"version": "0.0.31",
			"resolved": "https://registry.npmjs.org/@webgpu/types/-/types-0.0.31.tgz",
			"integrity": "sha512-cvvCMSZBT4VsRNtt0lI6XQqvOIIWw6+NRUtnPUMDVDgsI4pCZColz3qzF5QcP9wIYOHEc3jssIBse8UWONKhlQ=="
		},
		"color": {
			"version": "3.2.1",
			"resolved": "https://registry.npmjs.org/color/-/color-3.2.1.tgz",
			"integrity": "sha512-aBl7dZI9ENN6fUGC7mWpMTPNHmWUSNan9tuWN6ahh5ZLNk9baLJOnSMlrQkHcrfFgz2/RigjUVAjdx36VcemKA==",
			"requires": {
				"color-convert": "^1.9.3",
				"color-string": "^1.6.0"
			}
		},
		"color-convert": {
			"version": "1.9.3",
			"resolved": "https://registry.npmjs.org/color-convert/-/color-convert-1.9.3.tgz",
			"integrity": "sha512-QfAUtd+vFdAtFQcC8CCyYt1fYWxSqAiK2cSD6zDB8N3cpsEBAvRxp9zOGg6G/SHHJYAT88/az/IuDGALsNVbGg==",
			"requires": {
				"color-name": "1.1.3"
			}
		},
		"color-name": {
			"version": "1.1.3",
			"resolved": "https://registry.npmjs.org/color-name/-/color-name-1.1.3.tgz",
			"integrity": "sha1-p9BVi9icQveV3UIyj3QIMcpTvCU="
		},
		"color-string": {
			"version": "1.9.0",
			"resolved": "https://registry.npmjs.org/color-string/-/color-string-1.9.0.tgz",
			"integrity": "sha512-9Mrz2AQLefkH1UvASKj6v6hj/7eWgjnT/cVsR8CumieLoT+g900exWeNogqtweI8dxloXN9BDQTYro1oWu/5CQ==",
			"requires": {
				"color-name": "^1.0.0",
				"simple-swizzle": "^0.2.2"
			}
		},
		"csstype": {
			"version": "3.0.10",
			"resolved": "https://registry.npmjs.org/csstype/-/csstype-3.0.10.tgz",
			"integrity": "sha512-2u44ZG2OcNUO9HDp/Jl8C07x6pU/eTR3ncV91SiK3dhG9TWvRVsCoJw14Ckx5DgWkzGA3waZWO3d7pgqpUI/XA=="
		},
		"d3-color": {
			"version": "1.4.1",
			"resolved": "https://registry.npmjs.org/d3-color/-/d3-color-1.4.1.tgz",
			"integrity": "sha512-p2sTHSLCJI2QKunbGb7ocOh7DgTAn8IrLx21QRc/BSnodXM4sv6aLQlnfpvehFMLZEfBc6g9pH9SWQccFYfJ9Q=="
		},
		"d3-dispatch": {
			"version": "2.0.0",
			"resolved": "https://registry.npmjs.org/d3-dispatch/-/d3-dispatch-2.0.0.tgz",
			"integrity": "sha512-S/m2VsXI7gAti2pBoLClFFTMOO1HTtT0j99AuXLoGFKO6deHDdnv6ZGTxSTTUTgO1zVcv82fCOtDjYK4EECmWA=="
		},
		"d3-ease": {
			"version": "1.0.7",
			"resolved": "https://registry.npmjs.org/d3-ease/-/d3-ease-1.0.7.tgz",
			"integrity": "sha512-lx14ZPYkhNx0s/2HX5sLFUI3mbasHjSSpwO/KaaNACweVwxUruKyWVcb293wMv1RqTPZyZ8kSZ2NogUZNcLOFQ=="
		},
		"d3-force": {
			"version": "2.1.1",
			"resolved": "https://registry.npmjs.org/d3-force/-/d3-force-2.1.1.tgz",
			"integrity": "sha512-nAuHEzBqMvpFVMf9OX75d00OxvOXdxY+xECIXjW6Gv8BRrXu6gAWbv/9XKrvfJ5i5DCokDW7RYE50LRoK092ew==",
			"requires": {
				"d3-dispatch": "1 - 2",
				"d3-quadtree": "1 - 2",
				"d3-timer": "1 - 2"
			}
		},
		"d3-interpolate": {
			"version": "1.4.0",
			"resolved": "https://registry.npmjs.org/d3-interpolate/-/d3-interpolate-1.4.0.tgz",
			"integrity": "sha512-V9znK0zc3jOPV4VD2zZn0sDhZU3WAE2bmlxdIwwQPPzPjvyLkd8B3JUVdS1IDUFDkWZ72c9qnv1GK2ZagTZ8EA==",
			"requires": {
				"d3-color": "1"
			}
		},
		"d3-quadtree": {
			"version": "2.0.0",
			"resolved": "https://registry.npmjs.org/d3-quadtree/-/d3-quadtree-2.0.0.tgz",
			"integrity": "sha512-b0Ed2t1UUalJpc3qXzKi+cPGxeXRr4KU9YSlocN74aTzp6R/Ud43t79yLLqxHRWZfsvWXmbDWPpoENK1K539xw=="
		},
		"d3-timer": {
			"version": "1.0.10",
			"resolved": "https://registry.npmjs.org/d3-timer/-/d3-timer-1.0.10.tgz",
			"integrity": "sha512-B1JDm0XDaQC+uvo4DT79H0XmBskgS3l6Ve+1SBCfxgmtIb1AVrPIoqd+nPSv+loMX8szQ0sVUhGngL7D5QPiXw=="
		},
		"dagre": {
			"version": "0.8.5",
			"resolved": "https://registry.npmjs.org/dagre/-/dagre-0.8.5.tgz",
			"integrity": "sha512-/aTqmnRta7x7MCCpExk7HQL2O4owCT2h8NT//9I1OQ9vt29Pa0BzSAkR5lwFUcQ7491yVi/3CXU9jQ5o0Mn2Sw==",
			"requires": {
				"graphlib": "^2.1.8",
				"lodash": "^4.17.15"
			}
		},
		"detect-browser": {
			"version": "5.3.0",
			"resolved": "https://registry.npmjs.org/detect-browser/-/detect-browser-5.3.0.tgz",
			"integrity": "sha512-53rsFbGdwMwlF7qvCt0ypLM5V5/Mbl0szB7GPN8y9NCcbknYOeVVXdrXEq+90IwAfrrzt6Hd+u2E2ntakICU8w=="
		},
		"dnd-core": {
			"version": "15.1.1",
			"resolved": "https://registry.npmjs.org/dnd-core/-/dnd-core-15.1.1.tgz",
			"integrity": "sha512-Mtj/Sltcx7stVXzeDg4g7roTe/AmzRuIf/FYOxX6F8gULbY54w066BlErBOzQfn9RIJ3gAYLGX7wvVvoBSq7ig==",
			"requires": {
				"@react-dnd/asap": "4.0.0",
				"@react-dnd/invariant": "3.0.0",
				"redux": "^4.1.1"
			}
		},
		"eventemitter3": {
			"version": "4.0.7",
			"resolved": "https://registry.npmjs.org/eventemitter3/-/eventemitter3-4.0.7.tgz",
			"integrity": "sha512-8guHBZCwKnFhYdHr2ysuRWErTwhoN2X8XELRlrRwpmfeY2jjuUN4taQMsULKUVo1K4DvZl+0pgfyoysHxvmvEw=="
		},
		"fast-deep-equal": {
			"version": "3.1.3",
			"resolved": "https://registry.npmjs.org/fast-deep-equal/-/fast-deep-equal-3.1.3.tgz",
			"integrity": "sha512-f3qQ9oQy9j2AhBe/H9VC91wLmKBCCU/gDOnKNAYG5hswO7BLKj09Hc5HYNz9cGI++xlpDCIgDaitVs03ATR84Q=="
		},
		"fecha": {
			"version": "4.2.1",
			"resolved": "https://registry.npmjs.org/fecha/-/fecha-4.2.1.tgz",
			"integrity": "sha512-MMMQ0ludy/nBs1/o0zVOiKTpG7qMbonKUzjJgQFEuvq6INZ1OraKPRAWkBq5vlKLOUMpmNYG1JoN3oDPUQ9m3Q=="
		},
		"gl-matrix": {
			"version": "3.4.3",
			"resolved": "https://registry.npmjs.org/gl-matrix/-/gl-matrix-3.4.3.tgz",
			"integrity": "sha512-wcCp8vu8FT22BnvKVPjXa/ICBWRq/zjFfdofZy1WSpQZpphblv12/bOQLBC1rMM7SGOFS9ltVmKOHil5+Ml7gA=="
		},
		"gl-vec2": {
			"version": "1.3.0",
			"resolved": "https://registry.npmjs.org/gl-vec2/-/gl-vec2-1.3.0.tgz",
			"integrity": "sha512-YiqaAuNsheWmUV0Sa8k94kBB0D6RWjwZztyO+trEYS8KzJ6OQB/4686gdrf59wld4hHFIvaxynO3nRxpk1Ij/A=="
		},
		"graphlib": {
			"version": "2.1.8",
			"resolved": "https://registry.npmjs.org/graphlib/-/graphlib-2.1.8.tgz",
			"integrity": "sha512-jcLLfkpoVGmH7/InMC/1hIvOPSUh38oJtGhvrOFGzioE1DZ+0YW16RgmOJhHiuWTvGiJQ9Z1Ik43JvkRPRvE+A==",
			"requires": {
				"lodash": "^4.17.15"
			}
		},
		"hammerjs": {
			"version": "2.0.8",
			"resolved": "https://registry.npmjs.org/hammerjs/-/hammerjs-2.0.8.tgz",
			"integrity": "sha1-BO93hiz/K7edMPdpIJWTAiK/YPE="
		},
		"hoist-non-react-statics": {
			"version": "3.3.2",
			"resolved": "https://registry.npmjs.org/hoist-non-react-statics/-/hoist-non-react-statics-3.3.2.tgz",
			"integrity": "sha512-/gGivxi8JPKWNm/W0jSmzcMPpfpPLc3dY/6GxhX2hQ9iGj3aDfklV4ET7NjKpSinLpJ5vafa9iiGIEZg10SfBw==",
			"requires": {
				"react-is": "^16.7.0"
			}
		},
		"insert-css": {
			"version": "2.0.0",
			"resolved": "https://registry.npmjs.org/insert-css/-/insert-css-2.0.0.tgz",
			"integrity": "sha1-610Ql7dUL0x56jBg067gfQU4gPQ="
		},
		"inversify": {
			"version": "5.1.1",
			"resolved": "https://registry.npmjs.org/inversify/-/inversify-5.1.1.tgz",
			"integrity": "sha512-j8grHGDzv1v+8T1sAQ+3boTCntFPfvxLCkNcxB1J8qA0lUN+fAlSyYd+RXKvaPRL4AGyPxViutBEJHNXOyUdFQ=="
		},
		"inversify-inject-decorators": {
			"version": "3.1.0",
			"resolved": "https://registry.npmjs.org/inversify-inject-decorators/-/inversify-inject-decorators-3.1.0.tgz",
			"integrity": "sha512-/seBlVp5bXrLQS3DpKEmlgeZL6C7Tf/QITd+IMQrbBBGuCbxb7k3hRAWu9XSreNpFzLgSboz3sClLSEmGwHphw=="
		},
		"is-any-array": {
			"version": "1.0.1",
			"resolved": "https://registry.npmjs.org/is-any-array/-/is-any-array-1.0.1.tgz",
			"integrity": "sha512-m+FSiaONxBt2W0h9XOUngMBu/WW8uzAKbSk4Ty2aeCcQJ+muBqENexvxUHtDpX65fk5AMCROxqgNX0sSAHstcw=="
		},
		"is-arrayish": {
			"version": "0.3.2",
			"resolved": "https://registry.npmjs.org/is-arrayish/-/is-arrayish-0.3.2.tgz",
			"integrity": "sha512-eVRqCvVlZbuw3GrM63ovNSNAeA1K16kaR/LRY/92w0zxQ5/1YzwblUX652i4Xs9RwAGjW9d9y6X88t8OaAJfWQ=="
		},
		"lodash": {
			"version": "4.17.21",
			"resolved": "https://registry.npmjs.org/lodash/-/lodash-4.17.21.tgz",
			"integrity": "sha512-v2kDEe57lecTulaDIuNTPy3Ry4gLGJ6Z1O3vE1krgXZNrsQ+LFTGHVxVjcXPs17LhbZVGedAJv8XZ1tvj5FvSg=="
		},
		"ml-array-max": {
			"version": "1.2.3",
			"resolved": "https://registry.npmjs.org/ml-array-max/-/ml-array-max-1.2.3.tgz",
			"integrity": "sha512-49YwnLlAf4/E/VyezUz+SNfSBhPE8JTahxRPuyM9S9Uv+ft5x0C8A4trtkDgrttMxoxbhudTA1yg8zgJZaYtpA==",
			"requires": {
				"is-any-array": "^1.0.0"
			}
		},
		"ml-array-min": {
			"version": "1.2.2",
			"resolved": "https://registry.npmjs.org/ml-array-min/-/ml-array-min-1.2.2.tgz",
			"integrity": "sha512-yidQcOHFaGEuVr6FcwAn+QvKXJv1Lxel5fyKrO+aXGJGp97Mt+p8r21WYtikS/PTVbxdSrliQ0UK4wSHYHHgzQ==",
			"requires": {
				"is-any-array": "^1.0.0"
			}
		},
		"ml-array-rescale": {
			"version": "1.3.6",
			"resolved": "https://registry.npmjs.org/ml-array-rescale/-/ml-array-rescale-1.3.6.tgz",
			"integrity": "sha512-Lzj45T6hvHNdht924JQhHzInIK+ilC55zn98uraZUvLBkOWOJGOztEkRM0xyzAjWvVuhpszLADOnoVwfBSnj8w==",
			"requires": {
				"is-any-array": "^1.0.0",
				"ml-array-max": "^1.2.3",
				"ml-array-min": "^1.2.2"
			}
		},
		"ml-matrix": {
			"version": "6.8.2",
			"resolved": "https://registry.npmjs.org/ml-matrix/-/ml-matrix-6.8.2.tgz",
			"integrity": "sha512-5o2gVLFyieDSgsStEU5mqty4MZqfeytYA/gJqBSw5/Xuob0X2UrFX/k7FDh+YAwjzG/1l8nYa0oDaJ0sGs/RlA==",
			"requires": {
				"ml-array-rescale": "^1.3.6"
			}
		},
		"polyline-miter-util": {
			"version": "1.0.1",
			"resolved": "https://registry.npmjs.org/polyline-miter-util/-/polyline-miter-util-1.0.1.tgz",
			"integrity": "sha1-tpPyOJ6g3tNqa89ezS7OS2kX2Vc=",
			"requires": {
				"gl-vec2": "^1.0.0"
			}
		},
		"polyline-normals": {
			"version": "2.0.2",
			"resolved": "https://registry.npmjs.org/polyline-normals/-/polyline-normals-2.0.2.tgz",
			"integrity": "sha1-oXN+ddjA3MsaWR+csn8J7vS30TU=",
			"requires": {
				"polyline-miter-util": "^1.0.1"
			}
		},
		"probe.gl": {
			"version": "3.5.0",
			"resolved": "https://registry.npmjs.org/probe.gl/-/probe.gl-3.5.0.tgz",
			"integrity": "sha512-KWj8u0PNytr/rVwcQFcN7O8SK7n/ITOsUZ91l4fSX95oHhKvVCI7eadrzFUzFRlXkFfBWpMWZXFHITsHHHUctw==",
			"requires": {
				"@babel/runtime": "^7.0.0",
				"@probe.gl/env": "3.5.0",
				"@probe.gl/log": "3.5.0",
				"@probe.gl/stats": "3.5.0"
			}
		},
		"react-dnd": {
			"version": "15.1.1",
			"resolved": "https://registry.npmjs.org/react-dnd/-/react-dnd-15.1.1.tgz",
			"integrity": "sha512-QLrHtPU08U4c5zop0ANeqrHXaQw2EWLMn8DQoN6/e4eSN/UbB84P49/80Qg0MEF29VLB5vikSoiFh9N8ASNmpQ==",
			"requires": {
				"@react-dnd/invariant": "3.0.0",
				"@react-dnd/shallowequal": "3.0.0",
				"dnd-core": "15.1.1",
				"fast-deep-equal": "^3.1.3",
				"hoist-non-react-statics": "^3.3.2"
			}
		},
		"react-dnd-html5-backend": {
			"version": "15.1.2",
			"resolved": "https://registry.npmjs.org/react-dnd-html5-backend/-/react-dnd-html5-backend-15.1.2.tgz",
			"integrity": "sha512-mem9QbutUF+aA2YC1y47G3ECjnYV/sCYKSnu5Jd7cbg3fLMPAwbnTf/JayYdnCH5l3eg9akD9dQt+cD0UdF8QQ==",
			"requires": {
				"dnd-core": "15.1.1"
			}
		},
		"react-is": {
			"version": "16.13.1",
			"resolved": "https://registry.npmjs.org/react-is/-/react-is-16.13.1.tgz",
			"integrity": "sha512-24e6ynE2H+OKt4kqsOvNd8kBpV65zoxbA4BVsEOB3ARVWQki/DHzaUoC5KuON/BiccDaCCTZBuOcfZs70kR8bQ=="
		},
		"react-spring": {
			"version": "9.4.0",
			"resolved": "https://registry.npmjs.org/react-spring/-/react-spring-9.4.0.tgz",
			"integrity": "sha512-llg6JY2noYZ1SxFjDPRsH49FNj9VjVs7f5OmlybS8/M492QK2gl5gALbkAyQrLj5c1cKFHPdXkkSvbjkNcFTgA==",
			"requires": {
				"@react-spring/core": "~9.4.0",
				"@react-spring/konva": "~9.4.0",
				"@react-spring/native": "~9.4.0",
				"@react-spring/three": "~9.4.0",
				"@react-spring/web": "~9.4.0",
				"@react-spring/zdog": "~9.4.0"
			}
		},
		"redux": {
			"version": "4.1.2",
			"resolved": "https://registry.npmjs.org/redux/-/redux-4.1.2.tgz",
			"integrity": "sha512-SH8PglcebESbd/shgf6mii6EIoRM0zrQyjcuQ+ojmfxjTtE0z9Y8pa62iA/OJ58qjP6j27uyW4kUF4jl/jd6sw==",
			"requires": {
				"@babel/runtime": "^7.9.2"
			}
		},
		"reflect-metadata": {
			"version": "0.1.13",
			"resolved": "https://registry.npmjs.org/reflect-metadata/-/reflect-metadata-0.1.13.tgz",
			"integrity": "sha512-Ts1Y/anZELhSsjMcU605fU9RE4Oi3p5ORujwbIKXfWa+0Zxs510Qrmrce5/Jowq3cHSZSJqBjypxmHarc+vEWg=="
		},
		"regenerator-runtime": {
			"version": "0.13.9",
			"resolved": "https://registry.npmjs.org/regenerator-runtime/-/regenerator-runtime-0.13.9.tgz",
			"integrity": "sha512-p3VT+cOEgxFsRRA9X4lkI1E+k2/CtnKtU4gcxyaCUreilL/vqI6CdZ3wxVUx3UOUg+gnUOQQcRI7BmSI656MYA=="
		},
		"regl": {
			"version": "1.7.0",
			"resolved": "https://registry.npmjs.org/regl/-/regl-1.7.0.tgz",
			"integrity": "sha512-bEAtp/qrtKucxXSJkD4ebopFZYP0q1+3Vb2WECWv/T8yQEgKxDxJ7ztO285tAMaYZVR6mM1GgI6CCn8FROtL1w=="
		},
		"simple-swizzle": {
			"version": "0.2.2",
			"resolved": "https://registry.npmjs.org/simple-swizzle/-/simple-swizzle-0.2.2.tgz",
			"integrity": "sha1-pNprY1/8zMoz9w0Xy5JZLeleVXo=",
			"requires": {
				"is-arrayish": "^0.3.1"
			}
		},
		"tinycolor2": {
			"version": "1.4.2",
			"resolved": "https://registry.npmjs.org/tinycolor2/-/tinycolor2-1.4.2.tgz",
			"integrity": "sha512-vJhccZPs965sV/L2sU4oRQVAos0pQXwsvTLkWYdqJ+a8Q5kPFzJTuOFwy7UniPli44NKQGAglksjvOcpo95aZA=="
		},
		"tslib": {
			"version": "2.3.1",
			"resolved": "https://registry.npmjs.org/tslib/-/tslib-2.3.1.tgz",
			"integrity": "sha512-77EbyPPpMz+FRFRuAFlWMtmgUWGe9UOG2Z25NqCwiIjRhOf5iKGuzSe5P2w1laq+FkRy4p+PCuVkJSGkzTEKVw=="
		},
		"web-vitals": {
			"version": "1.1.2",
			"resolved": "https://registry.npmjs.org/web-vitals/-/web-vitals-1.1.2.tgz",
			"integrity": "sha512-PFMKIY+bRSXlMxVAQ+m2aw9c/ioUYfDgrYot0YUa+/xa0sakubWhSDyxAKwzymvXVdF4CZI71g06W+mqhzu6ig=="
		}
	}
}
