{
	"name": "core",
	"version": "1.0.0",
	"lockfileVersion": 1,
	"requires": true,
	"dependencies": {
		"viewerjs": {
			"version": "1.10.2",
			"resolved": "https://registry.npmjs.org/viewerjs/-/viewerjs-1.10.2.tgz",
			"integrity": "sha512-v/4+OUF/71JthlvYuqfse+WGkMJO0LxvWiOLsAoxWw+RWjMdEBWn0ZQ5Mc+OhNIFd9uLhG62GzfFIplvix8odg=="
		}
	}
}
